
Microsoft Visual Studio Solution File, Format Version 12.00
# Visual Studio 15
VisualStudioVersion = 15.0.27703.2018
MinimumVisualStudioVersion = 10.0.40219.1
Project("{FAE04EC0-301F-11D3-BF4B-00C04F79EFBC}") = "Api.Tcc", "Api.Tcc\Api.Tcc.csproj", "{BF5847A1-B1A5-4F6F-93F6-4A453559163D}"
EndProject
Project("{FAE04EC0-301F-11D3-BF4B-00C04F79EFBC}") = "Api.Tcc.Producer", "Api.Tcc.Producer\Api.Tcc.Producer.csproj", "{4E6F473B-DFFF-407F-9D82-9B8B19BE4127}"
EndProject
Global
	GlobalSection(SolutionConfigurationPlatforms) = preSolution
		Debug|Any CPU = Debug|Any CPU
		Release|Any CPU = Release|Any CPU
	EndGlobalSection
	GlobalSection(ProjectConfigurationPlatforms) = postSolution
		{BF5847A1-B1A5-4F6F-93F6-4A453559163D}.Debug|Any CPU.ActiveCfg = Debug|Any CPU
		{BF5847A1-B1A5-4F6F-93F6-4A453559163D}.Debug|Any CPU.Build.0 = Debug|Any CPU
		{BF5847A1-B1A5-4F6F-93F6-4A453559163D}.Release|Any CPU.ActiveCfg = Release|Any CPU
		{BF5847A1-B1A5-4F6F-93F6-4A453559163D}.Release|Any CPU.Build.0 = Release|Any CPU
		{4E6F473B-DFFF-407F-9D82-9B8B19BE4127}.Debug|Any CPU.ActiveCfg = Debug|Any CPU
		{4E6F473B-DFFF-407F-9D82-9B8B19BE4127}.Debug|Any CPU.Build.0 = Debug|Any CPU
		{4E6F473B-DFFF-407F-9D82-9B8B19BE4127}.Release|Any CPU.ActiveCfg = Release|Any CPU
		{4E6F473B-DFFF-407F-9D82-9B8B19BE4127}.Release|Any CPU.Build.0 = Release|Any CPU
	EndGlobalSection
	GlobalSection(SolutionProperties) = preSolution
		HideSolutionNode = FALSE
	EndGlobalSection
	GlobalSection(ExtensibilityGlobals) = postSolution
		SolutionGuid = {760BD07C-360E-4F23-A8A4-EBF5D659DD6D}
	EndGlobalSection
EndGlobal
